
Microsoft Visual Studio Solution File, Format Version 12.00
# Visual Studio Version 16
VisualStudioVersion = 16.0.33328.57
MinimumVisualStudioVersion = 10.0.40219.1
Project("{9A19103F-16F7-4668-BE54-9A1E7A4F7556}") = "pathfind", "Server\pathfind.csproj", "{62D61D7B-6F97-4930-963E-BE48D97F2ABB}"
EndProject
Project("{9A19103F-16F7-4668-BE54-9A1E7A4F7556}") = "PathFindPlugin", "PathFindPlugin\PathFindPlugin.csproj", "{45F73140-B9DF-4979-879E-F6BD46876E0A}"
EndProject
Project("{9A19103F-16F7-4668-BE54-9A1E7A4F7556}") = "PathFindSample", "PathFindSample\PathFindSample.csproj", "{0AEFD952-E381-4FDC-ABB5-66D110710F6F}"
EndProject
Project("{FAE04EC0-301F-11D3-BF4B-00C04F79EFBC}") = "L1PathFinderPlugin", "L1PathFinderPlugin\L1PathFinderPlugin.csproj", "{E98F1AC5-D652-4DF2-AC21-29C81CEFE8E1}"
EndProject
Project("{FAE04EC0-301F-11D3-BF4B-00C04F79EFBC}") = "L1win", "L1win\L1win.csproj", "{6CA0C775-2E30-4B3B-97C5-320C58F732BE}"
EndProject
Project("{9A19103F-16F7-4668-BE54-9A1E7A4F7556}") = "L1PathFinder", "L1PathFinder\L1PathFinder.csproj", "{703F3A1C-8F3E-4A26-937F-73F9E5D92580}"
EndProject
Global
	GlobalSection(SolutionConfigurationPlatforms) = preSolution
		Debug|Any CPU = Debug|Any CPU
		Release|Any CPU = Release|Any CPU
	EndGlobalSection
	GlobalSection(ProjectConfigurationPlatforms) = postSolution
		{62D61D7B-6F97-4930-963E-BE48D97F2ABB}.Debug|Any CPU.ActiveCfg = Debug|Any CPU
		{62D61D7B-6F97-4930-963E-BE48D97F2ABB}.Debug|Any CPU.Build.0 = Debug|Any CPU
		{62D61D7B-6F97-4930-963E-BE48D97F2ABB}.Release|Any CPU.ActiveCfg = Release|Any CPU
		{62D61D7B-6F97-4930-963E-BE48D97F2ABB}.Release|Any CPU.Build.0 = Release|Any CPU
		{45F73140-B9DF-4979-879E-F6BD46876E0A}.Debug|Any CPU.ActiveCfg = Debug|Any CPU
		{45F73140-B9DF-4979-879E-F6BD46876E0A}.Debug|Any CPU.Build.0 = Debug|Any CPU
		{45F73140-B9DF-4979-879E-F6BD46876E0A}.Release|Any CPU.ActiveCfg = Release|Any CPU
		{45F73140-B9DF-4979-879E-F6BD46876E0A}.Release|Any CPU.Build.0 = Release|Any CPU
		{0AEFD952-E381-4FDC-ABB5-66D110710F6F}.Debug|Any CPU.ActiveCfg = Debug|Any CPU
		{0AEFD952-E381-4FDC-ABB5-66D110710F6F}.Debug|Any CPU.Build.0 = Debug|Any CPU
		{0AEFD952-E381-4FDC-ABB5-66D110710F6F}.Release|Any CPU.ActiveCfg = Release|Any CPU
		{0AEFD952-E381-4FDC-ABB5-66D110710F6F}.Release|Any CPU.Build.0 = Release|Any CPU
		{E98F1AC5-D652-4DF2-AC21-29C81CEFE8E1}.Debug|Any CPU.ActiveCfg = Debug|Any CPU
		{E98F1AC5-D652-4DF2-AC21-29C81CEFE8E1}.Debug|Any CPU.Build.0 = Debug|Any CPU
		{E98F1AC5-D652-4DF2-AC21-29C81CEFE8E1}.Release|Any CPU.ActiveCfg = Release|Any CPU
		{E98F1AC5-D652-4DF2-AC21-29C81CEFE8E1}.Release|Any CPU.Build.0 = Release|Any CPU
		{6CA0C775-2E30-4B3B-97C5-320C58F732BE}.Debug|Any CPU.ActiveCfg = Debug|Any CPU
		{6CA0C775-2E30-4B3B-97C5-320C58F732BE}.Debug|Any CPU.Build.0 = Debug|Any CPU
		{6CA0C775-2E30-4B3B-97C5-320C58F732BE}.Release|Any CPU.ActiveCfg = Release|Any CPU
		{6CA0C775-2E30-4B3B-97C5-320C58F732BE}.Release|Any CPU.Build.0 = Release|Any CPU
		{703F3A1C-8F3E-4A26-937F-73F9E5D92580}.Debug|Any CPU.ActiveCfg = Debug|Any CPU
		{703F3A1C-8F3E-4A26-937F-73F9E5D92580}.Debug|Any CPU.Build.0 = Debug|Any CPU
		{703F3A1C-8F3E-4A26-937F-73F9E5D92580}.Release|Any CPU.ActiveCfg = Release|Any CPU
		{703F3A1C-8F3E-4A26-937F-73F9E5D92580}.Release|Any CPU.Build.0 = Release|Any CPU
	EndGlobalSection
	GlobalSection(SolutionProperties) = preSolution
		HideSolutionNode = FALSE
	EndGlobalSection
	GlobalSection(ExtensibilityGlobals) = postSolution
		SolutionGuid = {9FC83A8C-36B0-4D4A-B961-C8E16BCAE5D9}
	EndGlobalSection
EndGlobal
